github.com/chyroc/go-ptr v1.5.1/go.mod h1:8x4QPkggRrkpveFHzb27gxqvqf2/ebzNS741UsxlbSQ=
github.com/chyroc/go-ptr v1.6.0 h1:4GwCNrNfk4806eQKbHO2A/N/YOLW6jHIrBPWKfMe6F0=
github.com/chyroc/go-ptr v1.6.0/go.mod h1:FKNjNg3sCLx7VhQGwuml6sITX1mvhKS0Je9uN9tt65Q=
github.com/chyroc/lark v0.0.86 h1:sEwzvBJiL4Jmy2+WBA7pBLYXtr4eZSTe59g4S8Dl9uM=
github.com/chyroc/lark v0.0.86/go.mod h1:LZH7WCIRISsqH8mtbAnoryk/tZbfUjF+YHIkV2Tp+/M=
github.com/chyroc/lark v0.0.94 h1:HROMvKUB8/xcFRe/lFH1vPJWzaUvVsetcAzDYuAGeuw=
github.com/chyroc/lark v0.0.94/go.mod h1:Brd/ivv9Q1EFLFtsIRD6Q/AQ+MOcXvdErtV/pW5d3sc=
github.com/chyroc/lark_docs_md v0.0.0-20211016062456-7c366ca4b722 h1:QnLR1e92J1xRcWqNb3pUZJ3suN51Lgl/LMNYOyb8McI=
github.com/chyroc/lark_docs_md v0.0.0-20211016062456-7c366ca4b722/go.mod h1:rnZEdDvYbigzHf7O/XkSq4KgkAAc4WzFTE+HgcYa7lM=
github.com/chyroc/lark_docs_md v0.1.0 h1:6ddbT7Ko/ndSaZ91Sl56Ux++7RzNuyxM4RwHkjjgyLo=
github.com/chyroc/lark_docs_md v0.1.0/go.mod h1:tvxq/xKOR8TigkP8sEfQhSvuef2mQPd0+svqtRI0zYo=
github.com/davecgh/go-spew v1.1.0/go.mod h1:J7Y8YcW2NihsgmVo/mv3lAwl/skON4iLHjSsI+c5H38=
github.com/davecgh/go-spew v1.1.1/go.mod h1:J7Y8YcW2NihsgmVo/mv3lAwl/skON4iLHjSsI+c5H38=
github.com/joho/godotenv v1.4.0 h1:3l4+N6zfMWnkbPEXKng2o2/MR5mSwTrBih4ZEkkz1lg=
github.com/joho/godotenv v1.4.0/go.mod h1:f4LDr5Voq0i2e/R5DDNOoa2zzDfwtkZa6DnEwAbqwq4=
github.com/mattn/go-runewidth v0.0.13 h1:lTGmDsbAYt5DmK6OnoV7EuIF1wEIFAcxld6ypU4OSgU=
github.com/mattn/go-runewidth v0.0.13/go.mod h1:Jdepj2loyihRzMpdS35Xk/zdY8IAYHsh153qUoGf23w=
github.com/pmezard/go-difflib v1.0.0/go.mod h1:iKH77koFhYxTK1pcRnkKkqfTogsbg7gZNVY4sRDYZ/4=
github.com/rivo/uniseg v0.2.0 h1:S1pD9weZBuJdFmowNwbpi7BJ8TNftyUImj/0WQi72jY=
github.com/rivo/uniseg v0.2.0/go.mod h1:J6wj4VEh+S6ZtnVlnTBMWIodfgj8LQOQFoIToxlJtxc=
github.com/russross/blackfriday v1.6.0 h1:KqfZb0pUVN2lYqZUYRddxF4OR8ZMURnJIG5Y3VRLtww=
github.com/russross/blackfriday v1.6.0/go.mod h1:ti0ldHuxg49ri4ksnFxlkCfN+hvslNlmVHqNRXXJNAY=
github.com/shurcooL/go v0.0.0-20200502201357-93f07166e636 h1:aSISeOcal5irEhJd1M+IrApc0PdcN7e7Aj4yuEnOrfQ=
github.com/shurcooL/go v0.0.0-20200502201357-93f07166e636/go.mod h1:TDJrrUr11Vxrven61rcy3hJMUqaf/CLWYhHNPmT14Lk=
github.com/shurcooL/markdownfmt v0.0.0-20210117162146-75134924a9fd h1:bpS1EjAotX7LeZwlx4tSRd6W3D639QXr6Y3+uhDHKoU=
github.com/shurcooL/markdownfmt v0.0.0-20210117162146-75134924a9fd/go.mod h1:Y3QM23ahLei1QaMBScz4YZbWktsBlf2A2DT2Yw2Ts68=
github.com/stretchr/objx v0.1.0/go.mod h1:HFkY916IF+rwdDfMAkV7OtwuqBVzrE8GR6GFx+wExME=
github.com/stretchr/testify v1.7.0/go.mod h1:6Fq8oRcR53rry900zMqJjRRixrwX3KX962/h/Wwjteg=
github.com/stretchr/testify v1.7.1/go.mod h1:6Fq8oRcR53rry900zMqJjRRixrwX3KX962/h/Wwjteg=
gopkg.in/check.v1 v0.0.0-20161208181325-20d25e280405/go.mod h1:Co6ibVJAznAaIkqp8huTwlJQCZ016jof/cbN4VW5Yz0=
gopkg.in/yaml.v3 v3.0.0-20200313102051-9f266ea9e77c/go.mod h1:K4uyk7z7BCEPqu6E+C64Yfv1cQ7kz7rIZviUmN+EgEM=
